// !$*UTF8*$!
{
	archiveVersion = 1;
	classes = {
	};
	objectVersion = 46;
	objects = {

/* Begin PBXBuildFile section */
		8D34A4FE15D40BB400AC565D /* UIKit.framework in Frameworks */ = {isa = PBXBuildFile; fileRef = 8D34A4FD15D40BB300AC565D /* UIKit.framework */; };
		8D34A50015D40BB400AC565D /* Foundation.framework in Frameworks */ = {isa = PBXBuildFile; fileRef = 8D34A4FF15D40BB400AC565D /* Foundation.framework */; };
		8D34A50215D40BB400AC565D /* CoreGraphics.framework in Frameworks */ = {isa = PBXBuildFile; fileRef = 8D34A50115D40BB400AC565D /* CoreGraphics.framework */; };
		8D34A50815D40BB400AC565D /* InfoPlist.strings in Resources */ = {isa = PBXBuildFile; fileRef = 8D34A50615D40BB400AC565D /* InfoPlist.strings */; };
		8D34A50A15D40BB400AC565D /* main.m in Sources */ = {isa = PBXBuildFile; fileRef = 8D34A50915D40BB400AC565D /* main.m */; };
		8D34A50E15D40BB400AC565D /* AppDelegate.m in Sources */ = {isa = PBXBuildFile; fileRef = 8D34A50D15D40BB400AC565D /* AppDelegate.m */; };
		8D34A51115D40BB400AC565D /* MainStoryboard_iPhone.storyboard in Resources */ = {isa = PBXBuildFile; fileRef = 8D34A50F15D40BB400AC565D /* MainStoryboard_iPhone.storyboard */; };
		8D34A51415D40BB400AC565D /* MainStoryboard_iPad.storyboard in Resources */ = {isa = PBXBuildFile; fileRef = 8D34A51215D40BB400AC565D /* MainStoryboard_iPad.storyboard */; };
		8D34A51715D40BB400AC565D /* ViewController.m in Sources */ = {isa = PBXBuildFile; fileRef = 8D34A51615D40BB400AC565D /* ViewController.m */; };
		8D34A53615D40C2D00AC565D /* CDataScanner.m in Sources */ = {isa = PBXBuildFile; fileRef = 8D34A52815D40C2D00AC565D /* CDataScanner.m */; settings = {COMPILER_FLAGS = "-fno-objc-arc"; }; };
		8D34A53715D40C2D00AC565D /* CDataScanner_Extensions.m in Sources */ = {isa = PBXBuildFile; fileRef = 8D34A52B15D40C2D00AC565D /* CDataScanner_Extensions.m */; settings = {COMPILER_FLAGS = "-fno-objc-arc"; }; };
		8D34A53815D40C2D00AC565D /* NSDictionary_JSONExtensions.m in Sources */ = {isa = PBXBuildFile; fileRef = 8D34A52D15D40C2D00AC565D /* NSDictionary_JSONExtensions.m */; settings = {COMPILER_FLAGS = "-fno-objc-arc"; }; };
		8D34A53915D40C2D00AC565D /* CJSONDeserializer.m in Sources */ = {isa = PBXBuildFile; fileRef = 8D34A53015D40C2D00AC565D /* CJSONDeserializer.m */; settings = {COMPILER_FLAGS = "-fno-objc-arc"; }; };
		8D34A53A15D40C2D00AC565D /* CJSONScanner.m in Sources */ = {isa = PBXBuildFile; fileRef = 8D34A53215D40C2D00AC565D /* CJSONScanner.m */; settings = {COMPILER_FLAGS = "-fno-objc-arc"; }; };
		8D34A53B15D40C2D00AC565D /* CJSONSerializer.m in Sources */ = {isa = PBXBuildFile; fileRef = 8D34A53415D40C2D00AC565D /* CJSONSerializer.m */; settings = {COMPILER_FLAGS = "-fno-objc-arc"; }; };
		8D34A54015D40C4200AC565D /* NSArrayTest.m in Sources */ = {isa = PBXBuildFile; fileRef = 8D34A53F15D40C4200AC565D /* NSArrayTest.m */; };
		8D34A54515D40C5000AC565D /* Contents in Resources */ = {isa = PBXBuildFile; fileRef = 8D34A54215D40C5000AC565D /* Contents */; };
		8D34A54615D40C5000AC565D /* DateTest.m in Sources */ = {isa = PBXBuildFile; fileRef = 8D34A54415D40C5000AC565D /* DateTest.m */; };
		8D34A54E15D40C5F00AC565D /* NetConnTest.m in Sources */ = {isa = PBXBuildFile; fileRef = 8D34A54915D40C5F00AC565D /* NetConnTest.m */; };
		8D34A54F15D40C5F00AC565D /* TouchJsonTest.m in Sources */ = {isa = PBXBuildFile; fileRef = 8D34A54B15D40C5F00AC565D /* TouchJsonTest.m */; };
		8D34A55015D40C5F00AC565D /* URLTest.m in Sources */ = {isa = PBXBuildFile; fileRef = 8D34A54D15D40C5F00AC565D /* URLTest.m */; };
		8D34A55215D40D9A00AC565D /* SystemConfiguration.framework in Frameworks */ = {isa = PBXBuildFile; fileRef = 8D34A55115D40D9A00AC565D /* SystemConfiguration.framework */; };
/* End PBXBuildFile section */

/* Begin PBXFileReference section */
		8D34A4F915D40BB300AC565D /* CodeBook.app */ = {isa = PBXFileReference; explicitFileType = wrapper.application; includeInIndex = 0; path = CodeBook.app; sourceTree = BUILT_PRODUCTS_DIR; };
		8D34A4FD15D40BB300AC565D /* UIKit.framework */ = {isa = PBXFileReference; lastKnownFileType = wrapper.framework; name = UIKit.framework; path = System/Library/Frameworks/UIKit.framework; sourceTree = SDKROOT; };
		8D34A4FF15D40BB400AC565D /* Foundation.framework */ = {isa = PBXFileReference; lastKnownFileType = wrapper.framework; name = Foundation.framework; path = System/Library/Frameworks/Foundation.framework; sourceTree = SDKROOT; };
		8D34A50115D40BB400AC565D /* CoreGraphics.framework */ = {isa = PBXFileReference; lastKnownFileType = wrapper.framework; name = CoreGraphics.framework; path = System/Library/Frameworks/CoreGraphics.framework; sourceTree = SDKROOT; };
		8D34A50515D40BB400AC565D /* CodeBook-Info.plist */ = {isa = PBXFileReference; lastKnownFileType = text.plist.xml; path = "CodeBook-Info.plist"; sourceTree = "<group>"; };
		8D34A50715D40BB400AC565D /* en */ = {isa = PBXFileReference; lastKnownFileType = text.plist.strings; name = en; path = en.lproj/InfoPlist.strings; sourceTree = "<group>"; };
		8D34A50915D40BB400AC565D /* main.m */ = {isa = PBXFileReference; lastKnownFileType = sourcecode.c.objc; path = main.m; sourceTree = "<group>"; };
		8D34A50B15D40BB400AC565D /* CodeBook-Prefix.pch */ = {isa = PBXFileReference; lastKnownFileType = sourcecode.c.h; path = "CodeBook-Prefix.pch"; sourceTree = "<group>"; };
		8D34A50C15D40BB400AC565D /* AppDelegate.h */ = {isa = PBXFileReference; lastKnownFileType = sourcecode.c.h; path = AppDelegate.h; sourceTree = "<group>"; };
		8D34A50D15D40BB400AC565D /* AppDelegate.m */ = {isa = PBXFileReference; lastKnownFileType = sourcecode.c.objc; path = AppDelegate.m; sourceTree = "<group>"; };
		8D34A51015D40BB400AC565D /* en */ = {isa = PBXFileReference; lastKnownFileType = file.storyboard; name = en; path = en.lproj/MainStoryboard_iPhone.storyboard; sourceTree = "<group>"; };
		8D34A51315D40BB400AC565D /* en */ = {isa = PBXFileReference; lastKnownFileType = file.storyboard; name = en; path = en.lproj/MainStoryboard_iPad.storyboard; sourceTree = "<group>"; };
		8D34A51515D40BB400AC565D /* ViewController.h */ = {isa = PBXFileReference; lastKnownFileType = sourcecode.c.h; path = ViewController.h; sourceTree = "<group>"; };
		8D34A51615D40BB400AC565D /* ViewController.m */ = {isa = PBXFileReference; lastKnownFileType = sourcecode.c.objc; path = ViewController.m; sourceTree = "<group>"; };
		8D34A52715D40C2D00AC565D /* CDataScanner.h */ = {isa = PBXFileReference; fileEncoding = 4; lastKnownFileType = sourcecode.c.h; path = CDataScanner.h; sourceTree = "<group>"; };
		8D34A52815D40C2D00AC565D /* CDataScanner.m */ = {isa = PBXFileReference; fileEncoding = 4; lastKnownFileType = sourcecode.c.objc; path = CDataScanner.m; sourceTree = "<group>"; };
		8D34A52A15D40C2D00AC565D /* CDataScanner_Extensions.h */ = {isa = PBXFileReference; fileEncoding = 4; lastKnownFileType = sourcecode.c.h; path = CDataScanner_Extensions.h; sourceTree = "<group>"; };
		8D34A52B15D40C2D00AC565D /* CDataScanner_Extensions.m */ = {isa = PBXFileReference; fileEncoding = 4; lastKnownFileType = sourcecode.c.objc; path = CDataScanner_Extensions.m; sourceTree = "<group>"; };
		8D34A52C15D40C2D00AC565D /* NSDictionary_JSONExtensions.h */ = {isa = PBXFileReference; fileEncoding = 4; lastKnownFileType = sourcecode.c.h; path = NSDictionary_JSONExtensions.h; sourceTree = "<group>"; };
		8D34A52D15D40C2D00AC565D /* NSDictionary_JSONExtensions.m */ = {isa = PBXFileReference; fileEncoding = 4; lastKnownFileType = sourcecode.c.objc; path = NSDictionary_JSONExtensions.m; sourceTree = "<group>"; };
		8D34A52F15D40C2D00AC565D /* CJSONDeserializer.h */ = {isa = PBXFileReference; fileEncoding = 4; lastKnownFileType = sourcecode.c.h; path = CJSONDeserializer.h; sourceTree = "<group>"; };
		8D34A53015D40C2D00AC565D /* CJSONDeserializer.m */ = {isa = PBXFileReference; fileEncoding = 4; lastKnownFileType = sourcecode.c.objc; path = CJSONDeserializer.m; sourceTree = "<group>"; };
		8D34A53115D40C2D00AC565D /* CJSONScanner.h */ = {isa = PBXFileReference; fileEncoding = 4; lastKnownFileType = sourcecode.c.h; path = CJSONScanner.h; sourceTree = "<group>"; };
		8D34A53215D40C2D00AC565D /* CJSONScanner.m */ = {isa = PBXFileReference; fileEncoding = 4; lastKnownFileType = sourcecode.c.objc; path = CJSONScanner.m; sourceTree = "<group>"; };
		8D34A53315D40C2D00AC565D /* CJSONSerializer.h */ = {isa = PBXFileReference; fileEncoding = 4; lastKnownFileType = sourcecode.c.h; path = CJSONSerializer.h; sourceTree = "<group>"; };
		8D34A53415D40C2D00AC565D /* CJSONSerializer.m */ = {isa = PBXFileReference; fileEncoding = 4; lastKnownFileType = sourcecode.c.objc; path = CJSONSerializer.m; sourceTree = "<group>"; };
		8D34A53515D40C2D00AC565D /* JSONRepresentation.h */ = {isa = PBXFileReference; fileEncoding = 4; lastKnownFileType = sourcecode.c.h; path = JSONRepresentation.h; sourceTree = "<group>"; };
		8D34A53E15D40C4200AC565D /* NSArrayTest.h */ = {isa = PBXFileReference; fileEncoding = 4; lastKnownFileType = sourcecode.c.h; path = NSArrayTest.h; sourceTree = "<group>"; };
		8D34A53F15D40C4200AC565D /* NSArrayTest.m */ = {isa = PBXFileReference; fileEncoding = 4; lastKnownFileType = sourcecode.c.objc; path = NSArrayTest.m; sourceTree = "<group>"; };
		8D34A54215D40C5000AC565D /* Contents */ = {isa = PBXFileReference; fileEncoding = 4; lastKnownFileType = text; path = Contents; sourceTree = "<group>"; };
		8D34A54315D40C5000AC565D /* DateTest.h */ = {isa = PBXFileReference; fileEncoding = 4; lastKnownFileType = sourcecode.c.h; path = DateTest.h; sourceTree = "<group>"; };
		8D34A54415D40C5000AC565D /* DateTest.m */ = {isa = PBXFileReference; fileEncoding = 4; lastKnownFileType = sourcecode.c.objc; path = DateTest.m; sourceTree = "<group>"; };
		8D34A54815D40C5F00AC565D /* NetConnTest.h */ = {isa = PBXFileReference; fileEncoding = 4; lastKnownFileType = sourcecode.c.h; path = NetConnTest.h; sourceTree = "<group>"; };
		8D34A54915D40C5F00AC565D /* NetConnTest.m */ = {isa = PBXFileReference; fileEncoding = 4; lastKnownFileType = sourcecode.c.objc; path = NetConnTest.m; sourceTree = "<group>"; };
		8D34A54A15D40C5F00AC565D /* TouchJsonTest.h */ = {isa = PBXFileReference; fileEncoding = 4; lastKnownFileType = sourcecode.c.h; path = TouchJsonTest.h; sourceTree = "<group>"; };
		8D34A54B15D40C5F00AC565D /* TouchJsonTest.m */ = {isa = PBXFileReference; fileEncoding = 4; lastKnownFileType = sourcecode.c.objc; path = TouchJsonTest.m; sourceTree = "<group>"; };
		8D34A54C15D40C5F00AC565D /* URLTest.h */ = {isa = PBXFileReference; fileEncoding = 4; lastKnownFileType = sourcecode.c.h; path = URLTest.h; sourceTree = "<group>"; };
		8D34A54D15D40C5F00AC565D /* URLTest.m */ = {isa = PBXFileReference; fileEncoding = 4; lastKnownFileType = sourcecode.c.objc; path = URLTest.m; sourceTree = "<group>"; };
		8D34A55115D40D9A00AC565D /* SystemConfiguration.framework */ = {isa = PBXFileReference; lastKnownFileType = wrapper.framework; name = SystemConfiguration.framework; path = System/Library/Frameworks/SystemConfiguration.framework; sourceTree = SDKROOT; };
/* End PBXFileReference section */

/* Begin PBXFrameworksBuildPhase section */
		8D34A4F615D40BB300AC565D /* Frameworks */ = {
			isa = PBXFrameworksBuildPhase;
			buildActionMask = 2147483647;
			files = (
				8D34A55215D40D9A00AC565D /* SystemConfiguration.framework in Frameworks */,
				8D34A4FE15D40BB400AC565D /* UIKit.framework in Frameworks */,
				8D34A50015D40BB400AC565D /* Foundation.framework in Frameworks */,
				8D34A50215D40BB400AC565D /* CoreGraphics.framework in Frameworks */,
			);
			runOnlyForDeploymentPostprocessing = 0;
		};
/* End PBXFrameworksBuildPhase section */

/* Begin PBXGroup section */
		8D34A4EE15D40BB300AC565D = {
			isa = PBXGroup;
			children = (
				8D34A55115D40D9A00AC565D /* SystemConfiguration.framework */,
				8D34A50315D40BB400AC565D /* CodeBook */,
				8D34A4FC15D40BB300AC565D /* Frameworks */,
				8D34A4FA15D40BB300AC565D /* Products */,
				8D34A52515D40C2D00AC565D /* Library */,
			);
			sourceTree = "<group>";
		};
		8D34A4FA15D40BB300AC565D /* Products */ = {
			isa = PBXGroup;
			children = (
				8D34A4F915D40BB300AC565D /* CodeBook.app */,
			);
			name = Products;
			sourceTree = "<group>";
		};
		8D34A4FC15D40BB300AC565D /* Frameworks */ = {
			isa = PBXGroup;
			children = (
				8D34A4FD15D40BB300AC565D /* UIKit.framework */,
				8D34A4FF15D40BB400AC565D /* Foundation.framework */,
				8D34A50115D40BB400AC565D /* CoreGraphics.framework */,
			);
			name = Frameworks;
			sourceTree = "<group>";
		};
		8D34A50315D40BB400AC565D /* CodeBook */ = {
			isa = PBXGroup;
			children = (
				8D34A50C15D40BB400AC565D /* AppDelegate.h */,
				8D34A50D15D40BB400AC565D /* AppDelegate.m */,
				8D34A50F15D40BB400AC565D /* MainStoryboard_iPhone.storyboard */,
				8D34A51215D40BB400AC565D /* MainStoryboard_iPad.storyboard */,
				8D34A51515D40BB400AC565D /* ViewController.h */,
				8D34A51615D40BB400AC565D /* ViewController.m */,
				8D34A54715D40C5F00AC565D /* Network */,
				8D34A53D15D40C4200AC565D /* Collections */,
				8D34A54115D40C5000AC565D /* Date */,
				8D34A50415D40BB400AC565D /* Supporting Files */,
			);
			path = CodeBook;
			sourceTree = "<group>";
		};
		8D34A50415D40BB400AC565D /* Supporting Files */ = {
			isa = PBXGroup;
			children = (
				8D34A50515D40BB400AC565D /* CodeBook-Info.plist */,
				8D34A50615D40BB400AC565D /* InfoPlist.strings */,
				8D34A50915D40BB400AC565D /* main.m */,
				8D34A50B15D40BB400AC565D /* CodeBook-Prefix.pch */,
			);
			name = "Supporting Files";
			sourceTree = "<group>";
		};
		8D34A52515D40C2D00AC565D /* Library */ = {
			isa = PBXGroup;
			children = (
				8D34A52615D40C2D00AC565D /* TouchJSON */,
			);
			path = Library;
			sourceTree = "<group>";
		};
		8D34A52615D40C2D00AC565D /* TouchJSON */ = {
			isa = PBXGroup;
			children = (
				8D34A52715D40C2D00AC565D /* CDataScanner.h */,
				8D34A52815D40C2D00AC565D /* CDataScanner.m */,
				8D34A52915D40C2D00AC565D /* Extensions */,
				8D34A52E15D40C2D00AC565D /* JSON */,
			);
			path = TouchJSON;
			sourceTree = "<group>";
		};
		8D34A52915D40C2D00AC565D /* Extensions */ = {
			isa = PBXGroup;
			children = (
				8D34A52A15D40C2D00AC565D /* CDataScanner_Extensions.h */,
				8D34A52B15D40C2D00AC565D /* CDataScanner_Extensions.m */,
				8D34A52C15D40C2D00AC565D /* NSDictionary_JSONExtensions.h */,
				8D34A52D15D40C2D00AC565D /* NSDictionary_JSONExtensions.m */,
			);
			path = Extensions;
			sourceTree = "<group>";
		};
		8D34A52E15D40C2D00AC565D /* JSON */ = {
			isa = PBXGroup;
			children = (
				8D34A52F15D40C2D00AC565D /* CJSONDeserializer.h */,
				8D34A53015D40C2D00AC565D /* CJSONDeserializer.m */,
				8D34A53115D40C2D00AC565D /* CJSONScanner.h */,
				8D34A53215D40C2D00AC565D /* CJSONScanner.m */,
				8D34A53315D40C2D00AC565D /* CJSONSerializer.h */,
				8D34A53415D40C2D00AC565D /* CJSONSerializer.m */,
				8D34A53515D40C2D00AC565D /* JSONRepresentation.h */,
			);
			path = JSON;
			sourceTree = "<group>";
		};
		8D34A53D15D40C4200AC565D /* Collections */ = {
			isa = PBXGroup;
			children = (
				8D34A53E15D40C4200AC565D /* NSArrayTest.h */,
				8D34A53F15D40C4200AC565D /* NSArrayTest.m */,
			);
			path = Collections;
			sourceTree = "<group>";
		};
		8D34A54115D40C5000AC565D /* Date */ = {
			isa = PBXGroup;
			children = (
				8D34A54215D40C5000AC565D /* Contents */,
				8D34A54315D40C5000AC565D /* DateTest.h */,
				8D34A54415D40C5000AC565D /* DateTest.m */,
			);
			path = Date;
			sourceTree = "<group>";
		};
		8D34A54715D40C5F00AC565D /* Network */ = {
			isa = PBXGroup;
			children = (
				8D34A54815D40C5F00AC565D /* NetConnTest.h */,
				8D34A54915D40C5F00AC565D /* NetConnTest.m */,
				8D34A54A15D40C5F00AC565D /* TouchJsonTest.h */,
				8D34A54B15D40C5F00AC565D /* TouchJsonTest.m */,
				8D34A54C15D40C5F00AC565D /* URLTest.h */,
				8D34A54D15D40C5F00AC565D /* URLTest.m */,
			);
			path = Network;
			sourceTree = "<group>";
		};
/* End PBXGroup section */

/* Begin PBXNativeTarget section */
		8D34A4F815D40BB300AC565D /* CodeBook */ = {
			isa = PBXNativeTarget;
			buildConfigurationList = 8D34A51A15D40BB400AC565D /* Build configuration list for PBXNativeTarget "CodeBook" */;
			buildPhases = (
				8D34A4F515D40BB300AC565D /* Sources */,
				8D34A4F615D40BB300AC565D /* Frameworks */,
				8D34A4F715D40BB300AC565D /* Resources */,
			);
			buildRules = (
			);
			dependencies = (
			);
			name = CodeBook;
			productName = CodeBook;
			productReference = 8D34A4F915D40BB300AC565D /* CodeBook.app */;
			productType = "com.apple.product-type.application";
		};
/* End PBXNativeTarget section */

/* Begin PBXProject section */
		8D34A4F015D40BB300AC565D /* Project object */ = {
			isa = PBXProject;
			attributes = {
				LastUpgradeCheck = 0430;
			};
			buildConfigurationList = 8D34A4F315D40BB300AC565D /* Build configuration list for PBXProject "CodeBook" */;
			compatibilityVersion = "Xcode 3.2";
			developmentRegion = English;
			hasScannedForEncodings = 0;
			knownRegions = (
				en,
			);
			mainGroup = 8D34A4EE15D40BB300AC565D;
			productRefGroup = 8D34A4FA15D40BB300AC565D /* Products */;
			projectDirPath = "";
			projectRoot = "";
			targets = (
				8D34A4F815D40BB300AC565D /* CodeBook */,
			);
		};
/* End PBXProject section */

/* Begin PBXResourcesBuildPhase section */
		8D34A4F715D40BB300AC565D /* Resources */ = {
			isa = PBXResourcesBuildPhase;
			buildActionMask = 2147483647;
			files = (
				8D34A50815D40BB400AC565D /* InfoPlist.strings in Resources */,
				8D34A51115D40BB400AC565D /* MainStoryboard_iPhone.storyboard in Resources */,
				8D34A51415D40BB400AC565D /* MainStoryboard_iPad.storyboard in Resources */,
				8D34A54515D40C5000AC565D /* Contents in Resources */,
			);
			runOnlyForDeploymentPostprocessing = 0;
		};
/* End PBXResourcesBuildPhase section */

/* Begin PBXSourcesBuildPhase section */
		8D34A4F515D40BB300AC565D /* Sources */ = {
			isa = PBXSourcesBuildPhase;
			buildActionMask = 2147483647;
			files = (
				8D34A50A15D40BB400AC565D /* main.m in Sources */,
				8D34A50E15D40BB400AC565D /* AppDelegate.m in Sources */,
				8D34A51715D40BB400AC565D /* ViewController.m in Sources */,
				8D34A53615D40C2D00AC565D /* CDataScanner.m in Sources */,
				8D34A53715D40C2D00AC565D /* CDataScanner_Extensions.m in Sources */,
				8D34A53815D40C2D00AC565D /* NSDictionary_JSONExtensions.m in Sources */,
				8D34A53915D40C2D00AC565D /* CJSONDeserializer.m in Sources */,
				8D34A53A15D40C2D00AC565D /* CJSONScanner.m in Sources */,
				8D34A53B15D40C2D00AC565D /* CJSONSerializer.m in Sources */,
				8D34A54015D40C4200AC565D /* NSArrayTest.m in Sources */,
				8D34A54615D40C5000AC565D /* DateTest.m in Sources */,
				8D34A54E15D40C5F00AC565D /* NetConnTest.m in Sources */,
				8D34A54F15D40C5F00AC565D /* TouchJsonTest.m in Sources */,
				8D34A55015D40C5F00AC565D /* URLTest.m in Sources */,
			);
			runOnlyForDeploymentPostprocessing = 0;
		};
/* End PBXSourcesBuildPhase section */

/* Begin PBXVariantGroup section */
		8D34A50615D40BB400AC565D /* InfoPlist.strings */ = {
			isa = PBXVariantGroup;
			children = (
				8D34A50715D40BB400AC565D /* en */,
			);
			name = InfoPlist.strings;
			sourceTree = "<group>";
		};
		8D34A50F15D40BB400AC565D /* MainStoryboard_iPhone.storyboard */ = {
			isa = PBXVariantGroup;
			children = (
				8D34A51015D40BB400AC565D /* en */,
			);
			name = MainStoryboard_iPhone.storyboard;
			sourceTree = "<group>";
		};
		8D34A51215D40BB400AC565D /* MainStoryboard_iPad.storyboard */ = {
			isa = PBXVariantGroup;
			children = (
				8D34A51315D40BB400AC565D /* en */,
			);
			name = MainStoryboard_iPad.storyboard;
			sourceTree = "<group>";
		};
/* End PBXVariantGroup section */

/* Begin XCBuildConfiguration section */
		8D34A51815D40BB400AC565D /* Debug */ = {
			isa = XCBuildConfiguration;
			buildSettings = {
				ALWAYS_SEARCH_USER_PATHS = NO;
				ARCHS = "$(ARCHS_STANDARD_32_BIT)";
				CLANG_ENABLE_OBJC_ARC = YES;
				"CODE_SIGN_IDENTITY[sdk=iphoneos*]" = "iPhone Developer";
				COPY_PHASE_STRIP = NO;
				GCC_C_LANGUAGE_STANDARD = gnu99;
				GCC_DYNAMIC_NO_PIC = NO;
				GCC_OPTIMIZATION_LEVEL = 0;
				GCC_PREPROCESSOR_DEFINITIONS = (
					"DEBUG=1",
					"$(inherited)",
				);
				GCC_SYMBOLS_PRIVATE_EXTERN = NO;
				GCC_VERSION = com.apple.compilers.llvm.clang.1_0;
				GCC_WARN_ABOUT_RETURN_TYPE = YES;
				GCC_WARN_UNINITIALIZED_AUTOS = YES;
				GCC_WARN_UNUSED_VARIABLE = YES;
				IPHONEOS_DEPLOYMENT_TARGET = 5.1;
				SDKROOT = iphoneos;
				TARGETED_DEVICE_FAMILY = "1,2";
			};
			name = Debug;
		};
		8D34A51915D40BB400AC565D /* Release */ = {
			isa = XCBuildConfiguration;
			buildSettings = {
				ALWAYS_SEARCH_USER_PATHS = NO;
				ARCHS = "$(ARCHS_STANDARD_32_BIT)";
				CLANG_ENABLE_OBJC_ARC = YES;
				"CODE_SIGN_IDENTITY[sdk=iphoneos*]" = "iPhone Developer";
				COPY_PHASE_STRIP = YES;
				GCC_C_LANGUAGE_STANDARD = gnu99;
				GCC_VERSION = com.apple.compilers.llvm.clang.1_0;
				GCC_WARN_ABOUT_RETURN_TYPE = YES;
				GCC_WARN_UNINITIALIZED_AUTOS = YES;
				GCC_WARN_UNUSED_VARIABLE = YES;
				IPHONEOS_DEPLOYMENT_TARGET = 5.1;
				OTHER_CFLAGS = "-DNS_BLOCK_ASSERTIONS=1";
				SDKROOT = iphoneos;
				TARGETED_DEVICE_FAMILY = "1,2";
				VALIDATE_PRODUCT = YES;
			};
			name = Release;
		};
		8D34A51B15D40BB400AC565D /* Debug */ = {
			isa = XCBuildConfiguration;
			buildSettings = {
				GCC_PRECOMPILE_PREFIX_HEADER = YES;
				GCC_PREFIX_HEADER = "CodeBook/CodeBook-Prefix.pch";
				INFOPLIST_FILE = "CodeBook/CodeBook-Info.plist";
				PRODUCT_NAME = "$(TARGET_NAME)";
				WRAPPER_EXTENSION = app;
			};
			name = Debug;
		};
		8D34A51C15D40BB400AC565D /* Release */ = {
			isa = XCBuildConfiguration;
			buildSettings = {
				GCC_PRECOMPILE_PREFIX_HEADER = YES;
				GCC_PREFIX_HEADER = "CodeBook/CodeBook-Prefix.pch";
				INFOPLIST_FILE = "CodeBook/CodeBook-Info.plist";
				PRODUCT_NAME = "$(TARGET_NAME)";
				WRAPPER_EXTENSION = app;
			};
			name = Release;
		};
/* End XCBuildConfiguration section */

/* Begin XCConfigurationList section */
		8D34A4F315D40BB300AC565D /* Build configuration list for PBXProject "CodeBook" */ = {
			isa = XCConfigurationList;
			buildConfigurations = (
				8D34A51815D40BB400AC565D /* Debug */,
				8D34A51915D40BB400AC565D /* Release */,
			);
			defaultConfigurationIsVisible = 0;
			defaultConfigurationName = Release;
		};
		8D34A51A15D40BB400AC565D /* Build configuration list for PBXNativeTarget "CodeBook" */ = {
			isa = XCConfigurationList;
			buildConfigurations = (
				8D34A51B15D40BB400AC565D /* Debug */,
				8D34A51C15D40BB400AC565D /* Release */,
			);
			defaultConfigurationIsVisible = 0;
			defaultConfigurationName = Release;
		};
/* End XCConfigurationList section */
	};
	rootObject = 8D34A4F015D40BB300AC565D /* Project object */;
}
