// !$*UTF8*$!
{
	archiveVersion = 1;
	classes = {
	};
	objectVersion = 46;
	objects = {

/* Begin PBXBuildFile section */
		8D1A001915D123E800B3917F /* UIKit.framework in Frameworks */ = {isa = PBXBuildFile; fileRef = 8D1A001815D123E800B3917F /* UIKit.framework */; };
		8D1A001B15D123E800B3917F /* Foundation.framework in Frameworks */ = {isa = PBXBuildFile; fileRef = 8D1A001A15D123E800B3917F /* Foundation.framework */; };
		8D1A001D15D123E800B3917F /* CoreGraphics.framework in Frameworks */ = {isa = PBXBuildFile; fileRef = 8D1A001C15D123E800B3917F /* CoreGraphics.framework */; };
		8D34A42715D2169B00AC565D /* CDataScanner.m in Sources */ = {isa = PBXBuildFile; fileRef = 8D34A41915D2169B00AC565D /* CDataScanner.m */; settings = {COMPILER_FLAGS = "-fno-objc-arc"; }; };
		8D34A42815D2169B00AC565D /* CDataScanner_Extensions.m in Sources */ = {isa = PBXBuildFile; fileRef = 8D34A41C15D2169B00AC565D /* CDataScanner_Extensions.m */; settings = {COMPILER_FLAGS = "-fno-objc-arc"; }; };
		8D34A42915D2169B00AC565D /* NSDictionary_JSONExtensions.m in Sources */ = {isa = PBXBuildFile; fileRef = 8D34A41E15D2169B00AC565D /* NSDictionary_JSONExtensions.m */; settings = {COMPILER_FLAGS = "-fno-objc-arc"; }; };
		8D34A42A15D2169B00AC565D /* CJSONDeserializer.m in Sources */ = {isa = PBXBuildFile; fileRef = 8D34A42115D2169B00AC565D /* CJSONDeserializer.m */; settings = {COMPILER_FLAGS = "-fno-objc-arc"; }; };
		8D34A42B15D2169B00AC565D /* CJSONScanner.m in Sources */ = {isa = PBXBuildFile; fileRef = 8D34A42315D2169B00AC565D /* CJSONScanner.m */; settings = {COMPILER_FLAGS = "-fno-objc-arc"; }; };
		8D34A42C15D2169B00AC565D /* CJSONSerializer.m in Sources */ = {isa = PBXBuildFile; fileRef = 8D34A42515D2169B00AC565D /* CJSONSerializer.m */; settings = {COMPILER_FLAGS = "-fno-objc-arc"; }; };
		8D34A44915D2356A00AC565D /* SystemConfiguration.framework in Frameworks */ = {isa = PBXBuildFile; fileRef = 8D34A44815D2356A00AC565D /* SystemConfiguration.framework */; };
		8D34A46515D33F4700AC565D /* AppDelegate.m in Sources */ = {isa = PBXBuildFile; fileRef = 8D34A45115D33F4700AC565D /* AppDelegate.m */; };
		8D34A46715D33F4700AC565D /* DateTest.m in Sources */ = {isa = PBXBuildFile; fileRef = 8D34A45615D33F4700AC565D /* DateTest.m */; };
		8D34A46815D33F4700AC565D /* InfoPlist.strings in Resources */ = {isa = PBXBuildFile; fileRef = 8D34A45715D33F4700AC565D /* InfoPlist.strings */; };
		8D34A46915D33F4700AC565D /* MainStoryboard.storyboard in Resources */ = {isa = PBXBuildFile; fileRef = 8D34A45915D33F4700AC565D /* MainStoryboard.storyboard */; };
		8D34A46A15D33F4700AC565D /* main.m in Sources */ = {isa = PBXBuildFile; fileRef = 8D34A45B15D33F4700AC565D /* main.m */; };
		8D34A46B15D33F4700AC565D /* NetConnTest.m in Sources */ = {isa = PBXBuildFile; fileRef = 8D34A45E15D33F4700AC565D /* NetConnTest.m */; };
		8D34A46C15D33F4700AC565D /* TouchJsonTest.m in Sources */ = {isa = PBXBuildFile; fileRef = 8D34A46015D33F4700AC565D /* TouchJsonTest.m */; };
		8D34A46D15D33F4700AC565D /* URLTest.m in Sources */ = {isa = PBXBuildFile; fileRef = 8D34A46215D33F4700AC565D /* URLTest.m */; };
		8D34A46E15D33F4700AC565D /* ViewController.m in Sources */ = {isa = PBXBuildFile; fileRef = 8D34A46415D33F4700AC565D /* ViewController.m */; };
/* End PBXBuildFile section */

/* Begin PBXFileReference section */
		8D1A001415D123E800B3917F /* CodeBook.app */ = {isa = PBXFileReference; explicitFileType = wrapper.application; includeInIndex = 0; path = CodeBook.app; sourceTree = BUILT_PRODUCTS_DIR; };
		8D1A001815D123E800B3917F /* UIKit.framework */ = {isa = PBXFileReference; lastKnownFileType = wrapper.framework; name = UIKit.framework; path = System/Library/Frameworks/UIKit.framework; sourceTree = SDKROOT; };
		8D1A001A15D123E800B3917F /* Foundation.framework */ = {isa = PBXFileReference; lastKnownFileType = wrapper.framework; name = Foundation.framework; path = System/Library/Frameworks/Foundation.framework; sourceTree = SDKROOT; };
		8D1A001C15D123E800B3917F /* CoreGraphics.framework */ = {isa = PBXFileReference; lastKnownFileType = wrapper.framework; name = CoreGraphics.framework; path = System/Library/Frameworks/CoreGraphics.framework; sourceTree = SDKROOT; };
		8D34A41815D2169B00AC565D /* CDataScanner.h */ = {isa = PBXFileReference; fileEncoding = 4; lastKnownFileType = sourcecode.c.h; path = CDataScanner.h; sourceTree = "<group>"; };
		8D34A41915D2169B00AC565D /* CDataScanner.m */ = {isa = PBXFileReference; fileEncoding = 4; lastKnownFileType = sourcecode.c.objc; path = CDataScanner.m; sourceTree = "<group>"; };
		8D34A41B15D2169B00AC565D /* CDataScanner_Extensions.h */ = {isa = PBXFileReference; fileEncoding = 4; lastKnownFileType = sourcecode.c.h; path = CDataScanner_Extensions.h; sourceTree = "<group>"; };
		8D34A41C15D2169B00AC565D /* CDataScanner_Extensions.m */ = {isa = PBXFileReference; fileEncoding = 4; lastKnownFileType = sourcecode.c.objc; path = CDataScanner_Extensions.m; sourceTree = "<group>"; };
		8D34A41D15D2169B00AC565D /* NSDictionary_JSONExtensions.h */ = {isa = PBXFileReference; fileEncoding = 4; lastKnownFileType = sourcecode.c.h; path = NSDictionary_JSONExtensions.h; sourceTree = "<group>"; };
		8D34A41E15D2169B00AC565D /* NSDictionary_JSONExtensions.m */ = {isa = PBXFileReference; fileEncoding = 4; lastKnownFileType = sourcecode.c.objc; path = NSDictionary_JSONExtensions.m; sourceTree = "<group>"; };
		8D34A42015D2169B00AC565D /* CJSONDeserializer.h */ = {isa = PBXFileReference; fileEncoding = 4; lastKnownFileType = sourcecode.c.h; path = CJSONDeserializer.h; sourceTree = "<group>"; };
		8D34A42115D2169B00AC565D /* CJSONDeserializer.m */ = {isa = PBXFileReference; fileEncoding = 4; lastKnownFileType = sourcecode.c.objc; path = CJSONDeserializer.m; sourceTree = "<group>"; };
		8D34A42215D2169B00AC565D /* CJSONScanner.h */ = {isa = PBXFileReference; fileEncoding = 4; lastKnownFileType = sourcecode.c.h; path = CJSONScanner.h; sourceTree = "<group>"; };
		8D34A42315D2169B00AC565D /* CJSONScanner.m */ = {isa = PBXFileReference; fileEncoding = 4; lastKnownFileType = sourcecode.c.objc; path = CJSONScanner.m; sourceTree = "<group>"; };
		8D34A42415D2169B00AC565D /* CJSONSerializer.h */ = {isa = PBXFileReference; fileEncoding = 4; lastKnownFileType = sourcecode.c.h; path = CJSONSerializer.h; sourceTree = "<group>"; };
		8D34A42515D2169B00AC565D /* CJSONSerializer.m */ = {isa = PBXFileReference; fileEncoding = 4; lastKnownFileType = sourcecode.c.objc; path = CJSONSerializer.m; sourceTree = "<group>"; };
		8D34A42615D2169B00AC565D /* JSONRepresentation.h */ = {isa = PBXFileReference; fileEncoding = 4; lastKnownFileType = sourcecode.c.h; path = JSONRepresentation.h; sourceTree = "<group>"; };
		8D34A44815D2356A00AC565D /* SystemConfiguration.framework */ = {isa = PBXFileReference; lastKnownFileType = wrapper.framework; name = SystemConfiguration.framework; path = System/Library/Frameworks/SystemConfiguration.framework; sourceTree = SDKROOT; };
		8D34A45015D33F4700AC565D /* AppDelegate.h */ = {isa = PBXFileReference; fileEncoding = 4; lastKnownFileType = sourcecode.c.h; path = AppDelegate.h; sourceTree = "<group>"; };
		8D34A45115D33F4700AC565D /* AppDelegate.m */ = {isa = PBXFileReference; fileEncoding = 4; lastKnownFileType = sourcecode.c.objc; path = AppDelegate.m; sourceTree = "<group>"; };
		8D34A45215D33F4700AC565D /* CodeBook-Info.plist */ = {isa = PBXFileReference; fileEncoding = 4; lastKnownFileType = text.plist.xml; path = "CodeBook-Info.plist"; sourceTree = "<group>"; };
		8D34A45315D33F4700AC565D /* CodeBook-Prefix.pch */ = {isa = PBXFileReference; fileEncoding = 4; lastKnownFileType = sourcecode.c.h; path = "CodeBook-Prefix.pch"; sourceTree = "<group>"; };
		8D34A45515D33F4700AC565D /* DateTest.h */ = {isa = PBXFileReference; fileEncoding = 4; lastKnownFileType = sourcecode.c.h; path = DateTest.h; sourceTree = "<group>"; };
		8D34A45615D33F4700AC565D /* DateTest.m */ = {isa = PBXFileReference; fileEncoding = 4; lastKnownFileType = sourcecode.c.objc; path = DateTest.m; sourceTree = "<group>"; };
		8D34A45815D33F4700AC565D /* en */ = {isa = PBXFileReference; lastKnownFileType = text.plist.strings; name = en; path = en.lproj/InfoPlist.strings; sourceTree = "<group>"; };
		8D34A45A15D33F4700AC565D /* en */ = {isa = PBXFileReference; lastKnownFileType = file.storyboard; name = en; path = en.lproj/MainStoryboard.storyboard; sourceTree = "<group>"; };
		8D34A45B15D33F4700AC565D /* main.m */ = {isa = PBXFileReference; fileEncoding = 4; lastKnownFileType = sourcecode.c.objc; path = main.m; sourceTree = "<group>"; };
		8D34A45D15D33F4700AC565D /* NetConnTest.h */ = {isa = PBXFileReference; fileEncoding = 4; lastKnownFileType = sourcecode.c.h; path = NetConnTest.h; sourceTree = "<group>"; };
		8D34A45E15D33F4700AC565D /* NetConnTest.m */ = {isa = PBXFileReference; fileEncoding = 4; lastKnownFileType = sourcecode.c.objc; path = NetConnTest.m; sourceTree = "<group>"; };
		8D34A45F15D33F4700AC565D /* TouchJsonTest.h */ = {isa = PBXFileReference; fileEncoding = 4; lastKnownFileType = sourcecode.c.h; path = TouchJsonTest.h; sourceTree = "<group>"; };
		8D34A46015D33F4700AC565D /* TouchJsonTest.m */ = {isa = PBXFileReference; fileEncoding = 4; lastKnownFileType = sourcecode.c.objc; path = TouchJsonTest.m; sourceTree = "<group>"; };
		8D34A46115D33F4700AC565D /* URLTest.h */ = {isa = PBXFileReference; fileEncoding = 4; lastKnownFileType = sourcecode.c.h; path = URLTest.h; sourceTree = "<group>"; };
		8D34A46215D33F4700AC565D /* URLTest.m */ = {isa = PBXFileReference; fileEncoding = 4; lastKnownFileType = sourcecode.c.objc; path = URLTest.m; sourceTree = "<group>"; };
		8D34A46315D33F4700AC565D /* ViewController.h */ = {isa = PBXFileReference; fileEncoding = 4; lastKnownFileType = sourcecode.c.h; path = ViewController.h; sourceTree = "<group>"; };
		8D34A46415D33F4700AC565D /* ViewController.m */ = {isa = PBXFileReference; fileEncoding = 4; lastKnownFileType = sourcecode.c.objc; path = ViewController.m; sourceTree = "<group>"; };
/* End PBXFileReference section */

/* Begin PBXFrameworksBuildPhase section */
		8D1A001115D123E800B3917F /* Frameworks */ = {
			isa = PBXFrameworksBuildPhase;
			buildActionMask = 2147483647;
			files = (
				8D34A44915D2356A00AC565D /* SystemConfiguration.framework in Frameworks */,
				8D1A001915D123E800B3917F /* UIKit.framework in Frameworks */,
				8D1A001B15D123E800B3917F /* Foundation.framework in Frameworks */,
				8D1A001D15D123E800B3917F /* CoreGraphics.framework in Frameworks */,
			);
			runOnlyForDeploymentPostprocessing = 0;
		};
/* End PBXFrameworksBuildPhase section */

/* Begin PBXGroup section */
		8D1A000915D123E800B3917F = {
			isa = PBXGroup;
			children = (
				8D34A44F15D33F4700AC565D /* CodeBook */,
				8D34A41615D2169B00AC565D /* Library */,
				8D1A001715D123E800B3917F /* Frameworks */,
				8D1A001515D123E800B3917F /* Products */,
			);
			sourceTree = "<group>";
		};
		8D1A001515D123E800B3917F /* Products */ = {
			isa = PBXGroup;
			children = (
				8D1A001415D123E800B3917F /* CodeBook.app */,
			);
			name = Products;
			sourceTree = "<group>";
		};
		8D1A001715D123E800B3917F /* Frameworks */ = {
			isa = PBXGroup;
			children = (
				8D34A44815D2356A00AC565D /* SystemConfiguration.framework */,
				8D1A001815D123E800B3917F /* UIKit.framework */,
				8D1A001A15D123E800B3917F /* Foundation.framework */,
				8D1A001C15D123E800B3917F /* CoreGraphics.framework */,
			);
			name = Frameworks;
			sourceTree = "<group>";
		};
		8D34A41615D2169B00AC565D /* Library */ = {
			isa = PBXGroup;
			children = (
				8D34A41715D2169B00AC565D /* TouchJSON */,
			);
			path = Library;
			sourceTree = "<group>";
		};
		8D34A41715D2169B00AC565D /* TouchJSON */ = {
			isa = PBXGroup;
			children = (
				8D34A41815D2169B00AC565D /* CDataScanner.h */,
				8D34A41915D2169B00AC565D /* CDataScanner.m */,
				8D34A41A15D2169B00AC565D /* Extensions */,
				8D34A41F15D2169B00AC565D /* JSON */,
			);
			path = TouchJSON;
			sourceTree = "<group>";
		};
		8D34A41A15D2169B00AC565D /* Extensions */ = {
			isa = PBXGroup;
			children = (
				8D34A41B15D2169B00AC565D /* CDataScanner_Extensions.h */,
				8D34A41C15D2169B00AC565D /* CDataScanner_Extensions.m */,
				8D34A41D15D2169B00AC565D /* NSDictionary_JSONExtensions.h */,
				8D34A41E15D2169B00AC565D /* NSDictionary_JSONExtensions.m */,
			);
			path = Extensions;
			sourceTree = "<group>";
		};
		8D34A41F15D2169B00AC565D /* JSON */ = {
			isa = PBXGroup;
			children = (
				8D34A42015D2169B00AC565D /* CJSONDeserializer.h */,
				8D34A42115D2169B00AC565D /* CJSONDeserializer.m */,
				8D34A42215D2169B00AC565D /* CJSONScanner.h */,
				8D34A42315D2169B00AC565D /* CJSONScanner.m */,
				8D34A42415D2169B00AC565D /* CJSONSerializer.h */,
				8D34A42515D2169B00AC565D /* CJSONSerializer.m */,
				8D34A42615D2169B00AC565D /* JSONRepresentation.h */,
			);
			path = JSON;
			sourceTree = "<group>";
		};
		8D34A44F15D33F4700AC565D /* CodeBook */ = {
			isa = PBXGroup;
			children = (
				8D34A45015D33F4700AC565D /* AppDelegate.h */,
				8D34A45115D33F4700AC565D /* AppDelegate.m */,
				8D34A45215D33F4700AC565D /* CodeBook-Info.plist */,
				8D34A45315D33F4700AC565D /* CodeBook-Prefix.pch */,
				8D34A45415D33F4700AC565D /* Date */,
				8D34A45715D33F4700AC565D /* InfoPlist.strings */,
				8D34A45915D33F4700AC565D /* MainStoryboard.storyboard */,
				8D34A45B15D33F4700AC565D /* main.m */,
				8D34A45C15D33F4700AC565D /* Network */,
				8D34A46315D33F4700AC565D /* ViewController.h */,
				8D34A46415D33F4700AC565D /* ViewController.m */,
			);
			path = CodeBook;
			sourceTree = "<group>";
		};
		8D34A45415D33F4700AC565D /* Date */ = {
			isa = PBXGroup;
			children = (
				8D34A45515D33F4700AC565D /* DateTest.h */,
				8D34A45615D33F4700AC565D /* DateTest.m */,
			);
			path = Date;
			sourceTree = "<group>";
		};
		8D34A45C15D33F4700AC565D /* Network */ = {
			isa = PBXGroup;
			children = (
				8D34A45D15D33F4700AC565D /* NetConnTest.h */,
				8D34A45E15D33F4700AC565D /* NetConnTest.m */,
				8D34A45F15D33F4700AC565D /* TouchJsonTest.h */,
				8D34A46015D33F4700AC565D /* TouchJsonTest.m */,
				8D34A46115D33F4700AC565D /* URLTest.h */,
				8D34A46215D33F4700AC565D /* URLTest.m */,
			);
			path = Network;
			sourceTree = "<group>";
		};
/* End PBXGroup section */

/* Begin PBXNativeTarget section */
		8D1A001315D123E800B3917F /* CodeBook */ = {
			isa = PBXNativeTarget;
			buildConfigurationList = 8D1A003215D123E800B3917F /* Build configuration list for PBXNativeTarget "CodeBook" */;
			buildPhases = (
				8D1A001015D123E800B3917F /* Sources */,
				8D1A001115D123E800B3917F /* Frameworks */,
				8D1A001215D123E800B3917F /* Resources */,
			);
			buildRules = (
			);
			dependencies = (
			);
			name = CodeBook;
			productName = CodeTest;
			productReference = 8D1A001415D123E800B3917F /* CodeBook.app */;
			productType = "com.apple.product-type.application";
		};
/* End PBXNativeTarget section */

/* Begin PBXProject section */
		8D1A000B15D123E800B3917F /* Project object */ = {
			isa = PBXProject;
			attributes = {
				LastUpgradeCheck = 0430;
			};
			buildConfigurationList = 8D1A000E15D123E800B3917F /* Build configuration list for PBXProject "CodeBook" */;
			compatibilityVersion = "Xcode 3.2";
			developmentRegion = English;
			hasScannedForEncodings = 0;
			knownRegions = (
				en,
			);
			mainGroup = 8D1A000915D123E800B3917F;
			productRefGroup = 8D1A001515D123E800B3917F /* Products */;
			projectDirPath = "";
			projectRoot = "";
			targets = (
				8D1A001315D123E800B3917F /* CodeBook */,
			);
		};
/* End PBXProject section */

/* Begin PBXResourcesBuildPhase section */
		8D1A001215D123E800B3917F /* Resources */ = {
			isa = PBXResourcesBuildPhase;
			buildActionMask = 2147483647;
			files = (
				8D34A46815D33F4700AC565D /* InfoPlist.strings in Resources */,
				8D34A46915D33F4700AC565D /* MainStoryboard.storyboard in Resources */,
			);
			runOnlyForDeploymentPostprocessing = 0;
		};
/* End PBXResourcesBuildPhase section */

/* Begin PBXSourcesBuildPhase section */
		8D1A001015D123E800B3917F /* Sources */ = {
			isa = PBXSourcesBuildPhase;
			buildActionMask = 2147483647;
			files = (
				8D34A42715D2169B00AC565D /* CDataScanner.m in Sources */,
				8D34A42815D2169B00AC565D /* CDataScanner_Extensions.m in Sources */,
				8D34A42915D2169B00AC565D /* NSDictionary_JSONExtensions.m in Sources */,
				8D34A42A15D2169B00AC565D /* CJSONDeserializer.m in Sources */,
				8D34A42B15D2169B00AC565D /* CJSONScanner.m in Sources */,
				8D34A42C15D2169B00AC565D /* CJSONSerializer.m in Sources */,
				8D34A46515D33F4700AC565D /* AppDelegate.m in Sources */,
				8D34A46715D33F4700AC565D /* DateTest.m in Sources */,
				8D34A46A15D33F4700AC565D /* main.m in Sources */,
				8D34A46B15D33F4700AC565D /* NetConnTest.m in Sources */,
				8D34A46C15D33F4700AC565D /* TouchJsonTest.m in Sources */,
				8D34A46D15D33F4700AC565D /* URLTest.m in Sources */,
				8D34A46E15D33F4700AC565D /* ViewController.m in Sources */,
			);
			runOnlyForDeploymentPostprocessing = 0;
		};
/* End PBXSourcesBuildPhase section */

/* Begin PBXVariantGroup section */
		8D34A45715D33F4700AC565D /* InfoPlist.strings */ = {
			isa = PBXVariantGroup;
			children = (
				8D34A45815D33F4700AC565D /* en */,
			);
			name = InfoPlist.strings;
			sourceTree = "<group>";
		};
		8D34A45915D33F4700AC565D /* MainStoryboard.storyboard */ = {
			isa = PBXVariantGroup;
			children = (
				8D34A45A15D33F4700AC565D /* en */,
			);
			name = MainStoryboard.storyboard;
			sourceTree = "<group>";
		};
/* End PBXVariantGroup section */

/* Begin XCBuildConfiguration section */
		8D1A003015D123E800B3917F /* Debug */ = {
			isa = XCBuildConfiguration;
			buildSettings = {
				ALWAYS_SEARCH_USER_PATHS = NO;
				ARCHS = "$(ARCHS_STANDARD_32_BIT)";
				CLANG_ENABLE_OBJC_ARC = YES;
				"CODE_SIGN_IDENTITY[sdk=iphoneos*]" = "iPhone Developer";
				COPY_PHASE_STRIP = NO;
				GCC_C_LANGUAGE_STANDARD = gnu99;
				GCC_DYNAMIC_NO_PIC = NO;
				GCC_OPTIMIZATION_LEVEL = 0;
				GCC_PREPROCESSOR_DEFINITIONS = (
					"DEBUG=1",
					"$(inherited)",
				);
				GCC_SYMBOLS_PRIVATE_EXTERN = NO;
				GCC_VERSION = com.apple.compilers.llvm.clang.1_0;
				GCC_WARN_ABOUT_RETURN_TYPE = YES;
				GCC_WARN_UNINITIALIZED_AUTOS = YES;
				GCC_WARN_UNUSED_VARIABLE = YES;
				IPHONEOS_DEPLOYMENT_TARGET = 5.1;
				SDKROOT = iphoneos;
				TARGETED_DEVICE_FAMILY = "1,2";
			};
			name = Debug;
		};
		8D1A003115D123E800B3917F /* Release */ = {
			isa = XCBuildConfiguration;
			buildSettings = {
				ALWAYS_SEARCH_USER_PATHS = NO;
				ARCHS = "$(ARCHS_STANDARD_32_BIT)";
				CLANG_ENABLE_OBJC_ARC = YES;
				"CODE_SIGN_IDENTITY[sdk=iphoneos*]" = "iPhone Developer";
				COPY_PHASE_STRIP = YES;
				GCC_C_LANGUAGE_STANDARD = gnu99;
				GCC_VERSION = com.apple.compilers.llvm.clang.1_0;
				GCC_WARN_ABOUT_RETURN_TYPE = YES;
				GCC_WARN_UNINITIALIZED_AUTOS = YES;
				GCC_WARN_UNUSED_VARIABLE = YES;
				IPHONEOS_DEPLOYMENT_TARGET = 5.1;
				OTHER_CFLAGS = "-DNS_BLOCK_ASSERTIONS=1";
				SDKROOT = iphoneos;
				TARGETED_DEVICE_FAMILY = "1,2";
				VALIDATE_PRODUCT = YES;
			};
			name = Release;
		};
		8D1A003315D123E800B3917F /* Debug */ = {
			isa = XCBuildConfiguration;
			buildSettings = {
				GCC_PRECOMPILE_PREFIX_HEADER = YES;
				GCC_PREFIX_HEADER = "CodeBook/CodeBook-Prefix.pch";
				INFOPLIST_FILE = "CodeBook/CodeBook-Info.plist";
				PRODUCT_NAME = "$(TARGET_NAME)";
				WRAPPER_EXTENSION = app;
			};
			name = Debug;
		};
		8D1A003415D123E800B3917F /* Release */ = {
			isa = XCBuildConfiguration;
			buildSettings = {
				GCC_PRECOMPILE_PREFIX_HEADER = YES;
				GCC_PREFIX_HEADER = "CodeBook/CodeBook-Prefix.pch";
				INFOPLIST_FILE = "CodeBook/CodeBook-Info.plist";
				PRODUCT_NAME = "$(TARGET_NAME)";
				WRAPPER_EXTENSION = app;
			};
			name = Release;
		};
/* End XCBuildConfiguration section */

/* Begin XCConfigurationList section */
		8D1A000E15D123E800B3917F /* Build configuration list for PBXProject "CodeBook" */ = {
			isa = XCConfigurationList;
			buildConfigurations = (
				8D1A003015D123E800B3917F /* Debug */,
				8D1A003115D123E800B3917F /* Release */,
			);
			defaultConfigurationIsVisible = 0;
			defaultConfigurationName = Release;
		};
		8D1A003215D123E800B3917F /* Build configuration list for PBXNativeTarget "CodeBook" */ = {
			isa = XCConfigurationList;
			buildConfigurations = (
				8D1A003315D123E800B3917F /* Debug */,
				8D1A003415D123E800B3917F /* Release */,
			);
			defaultConfigurationIsVisible = 0;
			defaultConfigurationName = Release;
		};
/* End XCConfigurationList section */
	};
	rootObject = 8D1A000B15D123E800B3917F /* Project object */;
}
